
Microsoft Visual Studio Solution File, Format Version 12.00
# Visual Studio Version 16
VisualStudioVersion = 16.0.29519.181
MinimumVisualStudioVersion = 10.0.40219.1
Project("{FAE04EC0-301F-11D3-BF4B-00C04F79EFBC}") = "ConsoleApp1", "ConsoleApp1\ConsoleApp1.csproj", "{1E99A4A1-8685-4C71-8774-9A6766080A2C}"
EndProject
Global
	GlobalSection(SolutionConfigurationPlatforms) = preSolution
		Debug|Any CPU = Debug|Any CPU
		Release|Any CPU = Release|Any CPU
	EndGlobalSection
	GlobalSection(ProjectConfigurationPlatforms) = postSolution
		{1E99A4A1-8685-4C71-8774-9A6766080A2C}.Debug|Any CPU.ActiveCfg = Debug|Any CPU
		{1E99A4A1-8685-4C71-8774-9A6766080A2C}.Debug|Any CPU.Build.0 = Debug|Any CPU
		{1E99A4A1-8685-4C71-8774-9A6766080A2C}.Release|Any CPU.ActiveCfg = Release|Any CPU
		{1E99A4A1-8685-4C71-8774-9A6766080A2C}.Release|Any CPU.Build.0 = Release|Any CPU
	EndGlobalSection
	GlobalSection(SolutionProperties) = preSolution
		HideSolutionNode = FALSE
	EndGlobalSection
	GlobalSection(ExtensibilityGlobals) = postSolution
		SolutionGuid = {E57AD17B-B5DB-4BF6-9094-7931A3CCC23F}
	EndGlobalSection
EndGlobal
