
Microsoft Visual Studio Solution File, Format Version 12.00
# Visual Studio Version 16
VisualStudioVersion = 16.0.29609.76
MinimumVisualStudioVersion = 10.0.40219.1
Project("{FAE04EC0-301F-11D3-BF4B-00C04F79EFBC}") = "RabbitMQ_Test02", "RabbitMQ_Test02\RabbitMQ_Test02.csproj", "{13EEED59-EF12-4A1D-85AA-56ABAB300C13}"
EndProject
Global
	GlobalSection(SolutionConfigurationPlatforms) = preSolution
		Debug|Any CPU = Debug|Any CPU
		Release|Any CPU = Release|Any CPU
	EndGlobalSection
	GlobalSection(ProjectConfigurationPlatforms) = postSolution
		{13EEED59-EF12-4A1D-85AA-56ABAB300C13}.Debug|Any CPU.ActiveCfg = Debug|Any CPU
		{13EEED59-EF12-4A1D-85AA-56ABAB300C13}.Debug|Any CPU.Build.0 = Debug|Any CPU
		{13EEED59-EF12-4A1D-85AA-56ABAB300C13}.Release|Any CPU.ActiveCfg = Release|Any CPU
		{13EEED59-EF12-4A1D-85AA-56ABAB300C13}.Release|Any CPU.Build.0 = Release|Any CPU
	EndGlobalSection
	GlobalSection(SolutionProperties) = preSolution
		HideSolutionNode = FALSE
	EndGlobalSection
	GlobalSection(ExtensibilityGlobals) = postSolution
		SolutionGuid = {90A49E64-494F-44EC-AB50-11327B1EA3AD}
	EndGlobalSection
EndGlobal
